// !$*UTF8*$!
{
	archiveVersion = 1;
	classes = {
	};
	objectVersion = 46;
	objects = {

/* Begin PBXBuildFile section */
		CD3D8B081E881D5200738C78 /* main.m in Sources */ = {isa = PBXBuildFile; fileRef = CD3D8B071E881D5200738C78 /* main.m */; };
		CD3D8B0B1E881D5200738C78 /* AppDelegate.m in Sources */ = {isa = PBXBuildFile; fileRef = CD3D8B0A1E881D5200738C78 /* AppDelegate.m */; };
		CD3D8B0E1E881D5200738C78 /* ViewController.m in Sources */ = {isa = PBXBuildFile; fileRef = CD3D8B0D1E881D5200738C78 /* ViewController.m */; };
		CD3D8B111E881D5200738C78 /* Main.storyboard in Resources */ = {isa = PBXBuildFile; fileRef = CD3D8B0F1E881D5200738C78 /* Main.storyboard */; };
		CD3D8B131E881D5200738C78 /* Assets.xcassets in Resources */ = {isa = PBXBuildFile; fileRef = CD3D8B121E881D5200738C78 /* Assets.xcassets */; };
		CD3D8B161E881D5200738C78 /* LaunchScreen.storyboard in Resources */ = {isa = PBXBuildFile; fileRef = CD3D8B141E881D5200738C78 /* LaunchScreen.storyboard */; };
		CD3D8B211E881D5200738C78 /* LYCategoriesDemoTests.m in Sources */ = {isa = PBXBuildFile; fileRef = CD3D8B201E881D5200738C78 /* LYCategoriesDemoTests.m */; };
		CD3D8B2C1E881D5200738C78 /* LYCategoriesDemoUITests.m in Sources */ = {isa = PBXBuildFile; fileRef = CD3D8B2B1E881D5200738C78 /* LYCategoriesDemoUITests.m */; };
		CD3D8B651E881DAA00738C78 /* NSArray+LYAdd.m in Sources */ = {isa = PBXBuildFile; fileRef = CD3D8B3C1E881DAA00738C78 /* NSArray+LYAdd.m */; };
		CD3D8B661E881DAA00738C78 /* NSBundle+LYAdd.m in Sources */ = {isa = PBXBuildFile; fileRef = CD3D8B3E1E881DAA00738C78 /* NSBundle+LYAdd.m */; };
		CD3D8B671E881DAA00738C78 /* NSData+LYAdd.m in Sources */ = {isa = PBXBuildFile; fileRef = CD3D8B401E881DAA00738C78 /* NSData+LYAdd.m */; };
		CD3D8B681E881DAA00738C78 /* NSDate+LYAdd.m in Sources */ = {isa = PBXBuildFile; fileRef = CD3D8B421E881DAA00738C78 /* NSDate+LYAdd.m */; };
		CD3D8B691E881DAA00738C78 /* NSDictionary+LYAdd.m in Sources */ = {isa = PBXBuildFile; fileRef = CD3D8B441E881DAA00738C78 /* NSDictionary+LYAdd.m */; };
		CD3D8B6A1E881DAA00738C78 /* NSFileManager+LYAdd.m in Sources */ = {isa = PBXBuildFile; fileRef = CD3D8B461E881DAA00738C78 /* NSFileManager+LYAdd.m */; };
		CD3D8B6B1E881DAA00738C78 /* NSMutableArray+LYAdd.m in Sources */ = {isa = PBXBuildFile; fileRef = CD3D8B481E881DAA00738C78 /* NSMutableArray+LYAdd.m */; };
		CD3D8B6C1E881DAA00738C78 /* NSMutableDictionary+LYAdd.m in Sources */ = {isa = PBXBuildFile; fileRef = CD3D8B4A1E881DAA00738C78 /* NSMutableDictionary+LYAdd.m */; };
		CD3D8B6D1E881DAA00738C78 /* NSMutableString+LYAdd.m in Sources */ = {isa = PBXBuildFile; fileRef = CD3D8B4C1E881DAA00738C78 /* NSMutableString+LYAdd.m */; };
		CD3D8B6E1E881DAA00738C78 /* NSMutableURLRequest+LYAdd.m in Sources */ = {isa = PBXBuildFile; fileRef = CD3D8B4E1E881DAA00738C78 /* NSMutableURLRequest+LYAdd.m */; };
		CD3D8B6F1E881DAA00738C78 /* NSObject+LYAdd.m in Sources */ = {isa = PBXBuildFile; fileRef = CD3D8B501E881DAA00738C78 /* NSObject+LYAdd.m */; };
		CD3D8B701E881DAA00738C78 /* NSString+LYAdd.m in Sources */ = {isa = PBXBuildFile; fileRef = CD3D8B521E881DAA00738C78 /* NSString+LYAdd.m */; };
		CD3D8B711E881DAA00738C78 /* GTMBase64.m in Sources */ = {isa = PBXBuildFile; fileRef = CD3D8B551E881DAA00738C78 /* GTMBase64.m */; settings = {COMPILER_FLAGS = "-fno-objc-arc"; }; };
		CD3D8B721E881DAA00738C78 /* CALayer+LYAdd.m in Sources */ = {isa = PBXBuildFile; fileRef = CD3D8B5B1E881DAA00738C78 /* CALayer+LYAdd.m */; };
		CD3D8B731E881DAA00738C78 /* UIColor+LYAdd.m in Sources */ = {isa = PBXBuildFile; fileRef = CD3D8B5E1E881DAA00738C78 /* UIColor+LYAdd.m */; };
		CD3D8B741E881DAA00738C78 /* UIImage+LYAdd.m in Sources */ = {isa = PBXBuildFile; fileRef = CD3D8B601E881DAA00738C78 /* UIImage+LYAdd.m */; };
		CD3D8B751E881DAA00738C78 /* UITextField+LYAdd.m in Sources */ = {isa = PBXBuildFile; fileRef = CD3D8B621E881DAA00738C78 /* UITextField+LYAdd.m */; };
		CD3D8B761E881DAA00738C78 /* UIView+LYAdd.m in Sources */ = {isa = PBXBuildFile; fileRef = CD3D8B641E881DAA00738C78 /* UIView+LYAdd.m */; };
		CDC2756B1E88F2F300CBEAFB /* LYNSObjectDemoViewController.m in Sources */ = {isa = PBXBuildFile; fileRef = CDC2756A1E88F2F300CBEAFB /* LYNSObjectDemoViewController.m */; };
/* End PBXBuildFile section */

/* Begin PBXContainerItemProxy section */
		CD3D8B1D1E881D5200738C78 /* PBXContainerItemProxy */ = {
			isa = PBXContainerItemProxy;
			containerPortal = CD3D8AFB1E881D5200738C78 /* Project object */;
			proxyType = 1;
			remoteGlobalIDString = CD3D8B021E881D5200738C78;
			remoteInfo = LYCategoriesDemo;
		};
		CD3D8B281E881D5200738C78 /* PBXContainerItemProxy */ = {
			isa = PBXContainerItemProxy;
			containerPortal = CD3D8AFB1E881D5200738C78 /* Project object */;
			proxyType = 1;
			remoteGlobalIDString = CD3D8B021E881D5200738C78;
			remoteInfo = LYCategoriesDemo;
		};
/* End PBXContainerItemProxy section */

/* Begin PBXFileReference section */
		CD3D8B031E881D5200738C78 /* LYCategoriesDemo.app */ = {isa = PBXFileReference; explicitFileType = wrapper.application; includeInIndex = 0; path = LYCategoriesDemo.app; sourceTree = BUILT_PRODUCTS_DIR; };
		CD3D8B071E881D5200738C78 /* main.m */ = {isa = PBXFileReference; lastKnownFileType = sourcecode.c.objc; path = main.m; sourceTree = "<group>"; };
		CD3D8B091E881D5200738C78 /* AppDelegate.h */ = {isa = PBXFileReference; lastKnownFileType = sourcecode.c.h; path = AppDelegate.h; sourceTree = "<group>"; };
		CD3D8B0A1E881D5200738C78 /* AppDelegate.m */ = {isa = PBXFileReference; lastKnownFileType = sourcecode.c.objc; path = AppDelegate.m; sourceTree = "<group>"; };
		CD3D8B0C1E881D5200738C78 /* ViewController.h */ = {isa = PBXFileReference; lastKnownFileType = sourcecode.c.h; path = ViewController.h; sourceTree = "<group>"; };
		CD3D8B0D1E881D5200738C78 /* ViewController.m */ = {isa = PBXFileReference; lastKnownFileType = sourcecode.c.objc; path = ViewController.m; sourceTree = "<group>"; };
		CD3D8B101E881D5200738C78 /* Base */ = {isa = PBXFileReference; lastKnownFileType = file.storyboard; name = Base; path = Base.lproj/Main.storyboard; sourceTree = "<group>"; };
		CD3D8B121E881D5200738C78 /* Assets.xcassets */ = {isa = PBXFileReference; lastKnownFileType = folder.assetcatalog; path = Assets.xcassets; sourceTree = "<group>"; };
		CD3D8B151E881D5200738C78 /* Base */ = {isa = PBXFileReference; lastKnownFileType = file.storyboard; name = Base; path = Base.lproj/LaunchScreen.storyboard; sourceTree = "<group>"; };
		CD3D8B171E881D5200738C78 /* Info.plist */ = {isa = PBXFileReference; lastKnownFileType = text.plist.xml; path = Info.plist; sourceTree = "<group>"; };
		CD3D8B1C1E881D5200738C78 /* LYCategoriesDemoTests.xctest */ = {isa = PBXFileReference; explicitFileType = wrapper.cfbundle; includeInIndex = 0; path = LYCategoriesDemoTests.xctest; sourceTree = BUILT_PRODUCTS_DIR; };
		CD3D8B201E881D5200738C78 /* LYCategoriesDemoTests.m */ = {isa = PBXFileReference; lastKnownFileType = sourcecode.c.objc; path = LYCategoriesDemoTests.m; sourceTree = "<group>"; };
		CD3D8B221E881D5200738C78 /* Info.plist */ = {isa = PBXFileReference; lastKnownFileType = text.plist.xml; path = Info.plist; sourceTree = "<group>"; };
		CD3D8B271E881D5200738C78 /* LYCategoriesDemoUITests.xctest */ = {isa = PBXFileReference; explicitFileType = wrapper.cfbundle; includeInIndex = 0; path = LYCategoriesDemoUITests.xctest; sourceTree = BUILT_PRODUCTS_DIR; };
		CD3D8B2B1E881D5200738C78 /* LYCategoriesDemoUITests.m */ = {isa = PBXFileReference; lastKnownFileType = sourcecode.c.objc; path = LYCategoriesDemoUITests.m; sourceTree = "<group>"; };
		CD3D8B2D1E881D5200738C78 /* Info.plist */ = {isa = PBXFileReference; lastKnownFileType = text.plist.xml; path = Info.plist; sourceTree = "<group>"; };
		CD3D8B3B1E881DAA00738C78 /* NSArray+LYAdd.h */ = {isa = PBXFileReference; fileEncoding = 4; lastKnownFileType = sourcecode.c.h; path = "NSArray+LYAdd.h"; sourceTree = "<group>"; };
		CD3D8B3C1E881DAA00738C78 /* NSArray+LYAdd.m */ = {isa = PBXFileReference; fileEncoding = 4; lastKnownFileType = sourcecode.c.objc; path = "NSArray+LYAdd.m"; sourceTree = "<group>"; };
		CD3D8B3D1E881DAA00738C78 /* NSBundle+LYAdd.h */ = {isa = PBXFileReference; fileEncoding = 4; lastKnownFileType = sourcecode.c.h; path = "NSBundle+LYAdd.h"; sourceTree = "<group>"; };
		CD3D8B3E1E881DAA00738C78 /* NSBundle+LYAdd.m */ = {isa = PBXFileReference; fileEncoding = 4; lastKnownFileType = sourcecode.c.objc; path = "NSBundle+LYAdd.m"; sourceTree = "<group>"; };
		CD3D8B3F1E881DAA00738C78 /* NSData+LYAdd.h */ = {isa = PBXFileReference; fileEncoding = 4; lastKnownFileType = sourcecode.c.h; path = "NSData+LYAdd.h"; sourceTree = "<group>"; };
		CD3D8B401E881DAA00738C78 /* NSData+LYAdd.m */ = {isa = PBXFileReference; fileEncoding = 4; lastKnownFileType = sourcecode.c.objc; path = "NSData+LYAdd.m"; sourceTree = "<group>"; };
		CD3D8B411E881DAA00738C78 /* NSDate+LYAdd.h */ = {isa = PBXFileReference; fileEncoding = 4; lastKnownFileType = sourcecode.c.h; path = "NSDate+LYAdd.h"; sourceTree = "<group>"; };
		CD3D8B421E881DAA00738C78 /* NSDate+LYAdd.m */ = {isa = PBXFileReference; fileEncoding = 4; lastKnownFileType = sourcecode.c.objc; path = "NSDate+LYAdd.m"; sourceTree = "<group>"; };
		CD3D8B431E881DAA00738C78 /* NSDictionary+LYAdd.h */ = {isa = PBXFileReference; fileEncoding = 4; lastKnownFileType = sourcecode.c.h; path = "NSDictionary+LYAdd.h"; sourceTree = "<group>"; };
		CD3D8B441E881DAA00738C78 /* NSDictionary+LYAdd.m */ = {isa = PBXFileReference; fileEncoding = 4; lastKnownFileType = sourcecode.c.objc; path = "NSDictionary+LYAdd.m"; sourceTree = "<group>"; };
		CD3D8B451E881DAA00738C78 /* NSFileManager+LYAdd.h */ = {isa = PBXFileReference; fileEncoding = 4; lastKnownFileType = sourcecode.c.h; path = "NSFileManager+LYAdd.h"; sourceTree = "<group>"; };
		CD3D8B461E881DAA00738C78 /* NSFileManager+LYAdd.m */ = {isa = PBXFileReference; fileEncoding = 4; lastKnownFileType = sourcecode.c.objc; path = "NSFileManager+LYAdd.m"; sourceTree = "<group>"; };
		CD3D8B471E881DAA00738C78 /* NSMutableArray+LYAdd.h */ = {isa = PBXFileReference; fileEncoding = 4; lastKnownFileType = sourcecode.c.h; path = "NSMutableArray+LYAdd.h"; sourceTree = "<group>"; };
		CD3D8B481E881DAA00738C78 /* NSMutableArray+LYAdd.m */ = {isa = PBXFileReference; fileEncoding = 4; lastKnownFileType = sourcecode.c.objc; path = "NSMutableArray+LYAdd.m"; sourceTree = "<group>"; };
		CD3D8B491E881DAA00738C78 /* NSMutableDictionary+LYAdd.h */ = {isa = PBXFileReference; fileEncoding = 4; lastKnownFileType = sourcecode.c.h; path = "NSMutableDictionary+LYAdd.h"; sourceTree = "<group>"; };
		CD3D8B4A1E881DAA00738C78 /* NSMutableDictionary+LYAdd.m */ = {isa = PBXFileReference; fileEncoding = 4; lastKnownFileType = sourcecode.c.objc; path = "NSMutableDictionary+LYAdd.m"; sourceTree = "<group>"; };
		CD3D8B4B1E881DAA00738C78 /* NSMutableString+LYAdd.h */ = {isa = PBXFileReference; fileEncoding = 4; lastKnownFileType = sourcecode.c.h; path = "NSMutableString+LYAdd.h"; sourceTree = "<group>"; };
		CD3D8B4C1E881DAA00738C78 /* NSMutableString+LYAdd.m */ = {isa = PBXFileReference; fileEncoding = 4; lastKnownFileType = sourcecode.c.objc; path = "NSMutableString+LYAdd.m"; sourceTree = "<group>"; };
		CD3D8B4D1E881DAA00738C78 /* NSMutableURLRequest+LYAdd.h */ = {isa = PBXFileReference; fileEncoding = 4; lastKnownFileType = sourcecode.c.h; path = "NSMutableURLRequest+LYAdd.h"; sourceTree = "<group>"; };
		CD3D8B4E1E881DAA00738C78 /* NSMutableURLRequest+LYAdd.m */ = {isa = PBXFileReference; fileEncoding = 4; lastKnownFileType = sourcecode.c.objc; path = "NSMutableURLRequest+LYAdd.m"; sourceTree = "<group>"; };
		CD3D8B4F1E881DAA00738C78 /* NSObject+LYAdd.h */ = {isa = PBXFileReference; fileEncoding = 4; lastKnownFileType = sourcecode.c.h; path = "NSObject+LYAdd.h"; sourceTree = "<group>"; };
		CD3D8B501E881DAA00738C78 /* NSObject+LYAdd.m */ = {isa = PBXFileReference; fileEncoding = 4; lastKnownFileType = sourcecode.c.objc; path = "NSObject+LYAdd.m"; sourceTree = "<group>"; };
		CD3D8B511E881DAA00738C78 /* NSString+LYAdd.h */ = {isa = PBXFileReference; fileEncoding = 4; lastKnownFileType = sourcecode.c.h; path = "NSString+LYAdd.h"; sourceTree = "<group>"; };
		CD3D8B521E881DAA00738C78 /* NSString+LYAdd.m */ = {isa = PBXFileReference; fileEncoding = 4; lastKnownFileType = sourcecode.c.objc; path = "NSString+LYAdd.m"; sourceTree = "<group>"; };
		CD3D8B541E881DAA00738C78 /* GTMBase64.h */ = {isa = PBXFileReference; fileEncoding = 4; lastKnownFileType = sourcecode.c.h; path = GTMBase64.h; sourceTree = "<group>"; };
		CD3D8B551E881DAA00738C78 /* GTMBase64.m */ = {isa = PBXFileReference; fileEncoding = 4; lastKnownFileType = sourcecode.c.objc; path = GTMBase64.m; sourceTree = "<group>"; };
		CD3D8B561E881DAA00738C78 /* GTMDefines.h */ = {isa = PBXFileReference; fileEncoding = 4; lastKnownFileType = sourcecode.c.h; path = GTMDefines.h; sourceTree = "<group>"; };
		CD3D8B571E881DAA00738C78 /* LYCategories.h */ = {isa = PBXFileReference; fileEncoding = 4; lastKnownFileType = sourcecode.c.h; path = LYCategories.h; sourceTree = "<group>"; };
		CD3D8B581E881DAA00738C78 /* LYCategoriesMacro.h */ = {isa = PBXFileReference; fileEncoding = 4; lastKnownFileType = sourcecode.c.h; path = LYCategoriesMacro.h; sourceTree = "<group>"; };
		CD3D8B5A1E881DAA00738C78 /* CALayer+LYAdd.h */ = {isa = PBXFileReference; fileEncoding = 4; lastKnownFileType = sourcecode.c.h; path = "CALayer+LYAdd.h"; sourceTree = "<group>"; };
		CD3D8B5B1E881DAA00738C78 /* CALayer+LYAdd.m */ = {isa = PBXFileReference; fileEncoding = 4; lastKnownFileType = sourcecode.c.objc; path = "CALayer+LYAdd.m"; sourceTree = "<group>"; };
		CD3D8B5D1E881DAA00738C78 /* UIColor+LYAdd.h */ = {isa = PBXFileReference; fileEncoding = 4; lastKnownFileType = sourcecode.c.h; path = "UIColor+LYAdd.h"; sourceTree = "<group>"; };
		CD3D8B5E1E881DAA00738C78 /* UIColor+LYAdd.m */ = {isa = PBXFileReference; fileEncoding = 4; lastKnownFileType = sourcecode.c.objc; path = "UIColor+LYAdd.m"; sourceTree = "<group>"; };
		CD3D8B5F1E881DAA00738C78 /* UIImage+LYAdd.h */ = {isa = PBXFileReference; fileEncoding = 4; lastKnownFileType = sourcecode.c.h; path = "UIImage+LYAdd.h"; sourceTree = "<group>"; };
		CD3D8B601E881DAA00738C78 /* UIImage+LYAdd.m */ = {isa = PBXFileReference; fileEncoding = 4; lastKnownFileType = sourcecode.c.objc; path = "UIImage+LYAdd.m"; sourceTree = "<group>"; };
		CD3D8B611E881DAA00738C78 /* UITextField+LYAdd.h */ = {isa = PBXFileReference; fileEncoding = 4; lastKnownFileType = sourcecode.c.h; path = "UITextField+LYAdd.h"; sourceTree = "<group>"; };
		CD3D8B621E881DAA00738C78 /* UITextField+LYAdd.m */ = {isa = PBXFileReference; fileEncoding = 4; lastKnownFileType = sourcecode.c.objc; path = "UITextField+LYAdd.m"; sourceTree = "<group>"; };
		CD3D8B631E881DAA00738C78 /* UIView+LYAdd.h */ = {isa = PBXFileReference; fileEncoding = 4; lastKnownFileType = sourcecode.c.h; path = "UIView+LYAdd.h"; sourceTree = "<group>"; };
		CD3D8B641E881DAA00738C78 /* UIView+LYAdd.m */ = {isa = PBXFileReference; fileEncoding = 4; lastKnownFileType = sourcecode.c.objc; path = "UIView+LYAdd.m"; sourceTree = "<group>"; };
		CDC275691E88F2F300CBEAFB /* LYNSObjectDemoViewController.h */ = {isa = PBXFileReference; fileEncoding = 4; lastKnownFileType = sourcecode.c.h; path = LYNSObjectDemoViewController.h; sourceTree = "<group>"; };
		CDC2756A1E88F2F300CBEAFB /* LYNSObjectDemoViewController.m */ = {isa = PBXFileReference; fileEncoding = 4; lastKnownFileType = sourcecode.c.objc; path = LYNSObjectDemoViewController.m; sourceTree = "<group>"; };
/* End PBXFileReference section */

/* Begin PBXFrameworksBuildPhase section */
		CD3D8B001E881D5200738C78 /* Frameworks */ = {
			isa = PBXFrameworksBuildPhase;
			buildActionMask = 2147483647;
			files = (
			);
			runOnlyForDeploymentPostprocessing = 0;
		};
		CD3D8B191E881D5200738C78 /* Frameworks */ = {
			isa = PBXFrameworksBuildPhase;
			buildActionMask = 2147483647;
			files = (
			);
			runOnlyForDeploymentPostprocessing = 0;
		};
		CD3D8B241E881D5200738C78 /* Frameworks */ = {
			isa = PBXFrameworksBuildPhase;
			buildActionMask = 2147483647;
			files = (
			);
			runOnlyForDeploymentPostprocessing = 0;
		};
/* End PBXFrameworksBuildPhase section */

/* Begin PBXGroup section */
		CD3D8AFA1E881D5200738C78 = {
			isa = PBXGroup;
			children = (
				CD3D8B391E881DAA00738C78 /* LYCategories */,
				CD3D8B051E881D5200738C78 /* LYCategoriesDemo */,
				CD3D8B1F1E881D5200738C78 /* LYCategoriesDemoTests */,
				CD3D8B2A1E881D5200738C78 /* LYCategoriesDemoUITests */,
				CD3D8B041E881D5200738C78 /* Products */,
			);
			sourceTree = "<group>";
		};
		CD3D8B041E881D5200738C78 /* Products */ = {
			isa = PBXGroup;
			children = (
				CD3D8B031E881D5200738C78 /* LYCategoriesDemo.app */,
				CD3D8B1C1E881D5200738C78 /* LYCategoriesDemoTests.xctest */,
				CD3D8B271E881D5200738C78 /* LYCategoriesDemoUITests.xctest */,
			);
			name = Products;
			sourceTree = "<group>";
		};
		CD3D8B051E881D5200738C78 /* LYCategoriesDemo */ = {
			isa = PBXGroup;
			children = (
				CDC275681E88F20A00CBEAFB /* Demos */,
				CDC275671E88F1EC00CBEAFB /* Controller */,
				CDC275661E88F14800CBEAFB /* AppDelegate */,
				CD3D8B061E881D5200738C78 /* Supporting Files */,
			);
			path = LYCategoriesDemo;
			sourceTree = "<group>";
		};
		CD3D8B061E881D5200738C78 /* Supporting Files */ = {
			isa = PBXGroup;
			children = (
				CD3D8B121E881D5200738C78 /* Assets.xcassets */,
				CD3D8B141E881D5200738C78 /* LaunchScreen.storyboard */,
				CD3D8B171E881D5200738C78 /* Info.plist */,
				CD3D8B071E881D5200738C78 /* main.m */,
			);
			name = "Supporting Files";
			sourceTree = "<group>";
		};
		CD3D8B1F1E881D5200738C78 /* LYCategoriesDemoTests */ = {
			isa = PBXGroup;
			children = (
				CD3D8B201E881D5200738C78 /* LYCategoriesDemoTests.m */,
				CD3D8B221E881D5200738C78 /* Info.plist */,
			);
			path = LYCategoriesDemoTests;
			sourceTree = "<group>";
		};
		CD3D8B2A1E881D5200738C78 /* LYCategoriesDemoUITests */ = {
			isa = PBXGroup;
			children = (
				CD3D8B2B1E881D5200738C78 /* LYCategoriesDemoUITests.m */,
				CD3D8B2D1E881D5200738C78 /* Info.plist */,
			);
			path = LYCategoriesDemoUITests;
			sourceTree = "<group>";
		};
		CD3D8B391E881DAA00738C78 /* LYCategories */ = {
			isa = PBXGroup;
			children = (
				CD3D8B3A1E881DAA00738C78 /* Foundation */,
				CD3D8B531E881DAA00738C78 /* GTMBase64 */,
				CD3D8B571E881DAA00738C78 /* LYCategories.h */,
				CD3D8B581E881DAA00738C78 /* LYCategoriesMacro.h */,
				CD3D8B591E881DAA00738C78 /* Quartz */,
				CD3D8B5C1E881DAA00738C78 /* UIKit */,
			);
			name = LYCategories;
			path = ../LYCategories;
			sourceTree = "<group>";
		};
		CD3D8B3A1E881DAA00738C78 /* Foundation */ = {
			isa = PBXGroup;
			children = (
				CD3D8B3B1E881DAA00738C78 /* NSArray+LYAdd.h */,
				CD3D8B3C1E881DAA00738C78 /* NSArray+LYAdd.m */,
				CD3D8B3D1E881DAA00738C78 /* NSBundle+LYAdd.h */,
				CD3D8B3E1E881DAA00738C78 /* NSBundle+LYAdd.m */,
				CD3D8B3F1E881DAA00738C78 /* NSData+LYAdd.h */,
				CD3D8B401E881DAA00738C78 /* NSData+LYAdd.m */,
				CD3D8B411E881DAA00738C78 /* NSDate+LYAdd.h */,
				CD3D8B421E881DAA00738C78 /* NSDate+LYAdd.m */,
				CD3D8B431E881DAA00738C78 /* NSDictionary+LYAdd.h */,
				CD3D8B441E881DAA00738C78 /* NSDictionary+LYAdd.m */,
				CD3D8B451E881DAA00738C78 /* NSFileManager+LYAdd.h */,
				CD3D8B461E881DAA00738C78 /* NSFileManager+LYAdd.m */,
				CD3D8B471E881DAA00738C78 /* NSMutableArray+LYAdd.h */,
				CD3D8B481E881DAA00738C78 /* NSMutableArray+LYAdd.m */,
				CD3D8B491E881DAA00738C78 /* NSMutableDictionary+LYAdd.h */,
				CD3D8B4A1E881DAA00738C78 /* NSMutableDictionary+LYAdd.m */,
				CD3D8B4B1E881DAA00738C78 /* NSMutableString+LYAdd.h */,
				CD3D8B4C1E881DAA00738C78 /* NSMutableString+LYAdd.m */,
				CD3D8B4D1E881DAA00738C78 /* NSMutableURLRequest+LYAdd.h */,
				CD3D8B4E1E881DAA00738C78 /* NSMutableURLRequest+LYAdd.m */,
				CD3D8B4F1E881DAA00738C78 /* NSObject+LYAdd.h */,
				CD3D8B501E881DAA00738C78 /* NSObject+LYAdd.m */,
				CD3D8B511E881DAA00738C78 /* NSString+LYAdd.h */,
				CD3D8B521E881DAA00738C78 /* NSString+LYAdd.m */,
			);
			path = Foundation;
			sourceTree = "<group>";
		};
		CD3D8B531E881DAA00738C78 /* GTMBase64 */ = {
			isa = PBXGroup;
			children = (
				CD3D8B541E881DAA00738C78 /* GTMBase64.h */,
				CD3D8B551E881DAA00738C78 /* GTMBase64.m */,
				CD3D8B561E881DAA00738C78 /* GTMDefines.h */,
			);
			path = GTMBase64;
			sourceTree = "<group>";
		};
		CD3D8B591E881DAA00738C78 /* Quartz */ = {
			isa = PBXGroup;
			children = (
				CD3D8B5A1E881DAA00738C78 /* CALayer+LYAdd.h */,
				CD3D8B5B1E881DAA00738C78 /* CALayer+LYAdd.m */,
			);
			path = Quartz;
			sourceTree = "<group>";
		};
		CD3D8B5C1E881DAA00738C78 /* UIKit */ = {
			isa = PBXGroup;
			children = (
				CD3D8B5D1E881DAA00738C78 /* UIColor+LYAdd.h */,
				CD3D8B5E1E881DAA00738C78 /* UIColor+LYAdd.m */,
				CD3D8B5F1E881DAA00738C78 /* UIImage+LYAdd.h */,
				CD3D8B601E881DAA00738C78 /* UIImage+LYAdd.m */,
				CD3D8B611E881DAA00738C78 /* UITextField+LYAdd.h */,
				CD3D8B621E881DAA00738C78 /* UITextField+LYAdd.m */,
				CD3D8B631E881DAA00738C78 /* UIView+LYAdd.h */,
				CD3D8B641E881DAA00738C78 /* UIView+LYAdd.m */,
			);
			path = UIKit;
			sourceTree = "<group>";
		};
		CDC275661E88F14800CBEAFB /* AppDelegate */ = {
			isa = PBXGroup;
			children = (
				CD3D8B091E881D5200738C78 /* AppDelegate.h */,
				CD3D8B0A1E881D5200738C78 /* AppDelegate.m */,
			);
			name = AppDelegate;
			sourceTree = "<group>";
		};
		CDC275671E88F1EC00CBEAFB /* Controller */ = {
			isa = PBXGroup;
			children = (
				CD3D8B0C1E881D5200738C78 /* ViewController.h */,
				CD3D8B0D1E881D5200738C78 /* ViewController.m */,
				CD3D8B0F1E881D5200738C78 /* Main.storyboard */,
			);
			name = Controller;
			sourceTree = "<group>";
		};
		CDC275681E88F20A00CBEAFB /* Demos */ = {
			isa = PBXGroup;
			children = (
				CDC275691E88F2F300CBEAFB /* LYNSObjectDemoViewController.h */,
				CDC2756A1E88F2F300CBEAFB /* LYNSObjectDemoViewController.m */,
			);
			name = Demos;
			sourceTree = "<group>";
		};
/* End PBXGroup section */

/* Begin PBXNativeTarget section */
		CD3D8B021E881D5200738C78 /* LYCategoriesDemo */ = {
			isa = PBXNativeTarget;
			buildConfigurationList = CD3D8B301E881D5200738C78 /* Build configuration list for PBXNativeTarget "LYCategoriesDemo" */;
			buildPhases = (
				CD3D8AFF1E881D5200738C78 /* Sources */,
				CD3D8B001E881D5200738C78 /* Frameworks */,
				CD3D8B011E881D5200738C78 /* Resources */,
			);
			buildRules = (
			);
			dependencies = (
			);
			name = LYCategoriesDemo;
			productName = LYCategoriesDemo;
			productReference = CD3D8B031E881D5200738C78 /* LYCategoriesDemo.app */;
			productType = "com.apple.product-type.application";
		};
		CD3D8B1B1E881D5200738C78 /* LYCategoriesDemoTests */ = {
			isa = PBXNativeTarget;
			buildConfigurationList = CD3D8B331E881D5200738C78 /* Build configuration list for PBXNativeTarget "LYCategoriesDemoTests" */;
			buildPhases = (
				CD3D8B181E881D5200738C78 /* Sources */,
				CD3D8B191E881D5200738C78 /* Frameworks */,
				CD3D8B1A1E881D5200738C78 /* Resources */,
			);
			buildRules = (
			);
			dependencies = (
				CD3D8B1E1E881D5200738C78 /* PBXTargetDependency */,
			);
			name = LYCategoriesDemoTests;
			productName = LYCategoriesDemoTests;
			productReference = CD3D8B1C1E881D5200738C78 /* LYCategoriesDemoTests.xctest */;
			productType = "com.apple.product-type.bundle.unit-test";
		};
		CD3D8B261E881D5200738C78 /* LYCategoriesDemoUITests */ = {
			isa = PBXNativeTarget;
			buildConfigurationList = CD3D8B361E881D5200738C78 /* Build configuration list for PBXNativeTarget "LYCategoriesDemoUITests" */;
			buildPhases = (
				CD3D8B231E881D5200738C78 /* Sources */,
				CD3D8B241E881D5200738C78 /* Frameworks */,
				CD3D8B251E881D5200738C78 /* Resources */,
			);
			buildRules = (
			);
			dependencies = (
				CD3D8B291E881D5200738C78 /* PBXTargetDependency */,
			);
			name = LYCategoriesDemoUITests;
			productName = LYCategoriesDemoUITests;
			productReference = CD3D8B271E881D5200738C78 /* LYCategoriesDemoUITests.xctest */;
			productType = "com.apple.product-type.bundle.ui-testing";
		};
/* End PBXNativeTarget section */

/* Begin PBXProject section */
		CD3D8AFB1E881D5200738C78 /* Project object */ = {
			isa = PBXProject;
			attributes = {
				CLASSPREFIX = LY;
				LastUpgradeCheck = 0820;
				ORGANIZATIONNAME = DeveloperLY;
				TargetAttributes = {
					CD3D8B021E881D5200738C78 = {
						CreatedOnToolsVersion = 8.2.1;
						ProvisioningStyle = Automatic;
					};
					CD3D8B1B1E881D5200738C78 = {
						CreatedOnToolsVersion = 8.2.1;
						ProvisioningStyle = Automatic;
						TestTargetID = CD3D8B021E881D5200738C78;
					};
					CD3D8B261E881D5200738C78 = {
						CreatedOnToolsVersion = 8.2.1;
						ProvisioningStyle = Automatic;
						TestTargetID = CD3D8B021E881D5200738C78;
					};
				};
			};
			buildConfigurationList = CD3D8AFE1E881D5200738C78 /* Build configuration list for PBXProject "LYCategoriesDemo" */;
			compatibilityVersion = "Xcode 3.2";
			developmentRegion = English;
			hasScannedForEncodings = 0;
			knownRegions = (
				en,
				Base,
			);
			mainGroup = CD3D8AFA1E881D5200738C78;
			productRefGroup = CD3D8B041E881D5200738C78 /* Products */;
			projectDirPath = "";
			projectRoot = "";
			targets = (
				CD3D8B021E881D5200738C78 /* LYCategoriesDemo */,
				CD3D8B1B1E881D5200738C78 /* LYCategoriesDemoTests */,
				CD3D8B261E881D5200738C78 /* LYCategoriesDemoUITests */,
			);
		};
/* End PBXProject section */

/* Begin PBXResourcesBuildPhase section */
		CD3D8B011E881D5200738C78 /* Resources */ = {
			isa = PBXResourcesBuildPhase;
			buildActionMask = 2147483647;
			files = (
				CD3D8B161E881D5200738C78 /* LaunchScreen.storyboard in Resources */,
				CD3D8B131E881D5200738C78 /* Assets.xcassets in Resources */,
				CD3D8B111E881D5200738C78 /* Main.storyboard in Resources */,
			);
			runOnlyForDeploymentPostprocessing = 0;
		};
		CD3D8B1A1E881D5200738C78 /* Resources */ = {
			isa = PBXResourcesBuildPhase;
			buildActionMask = 2147483647;
			files = (
			);
			runOnlyForDeploymentPostprocessing = 0;
		};
		CD3D8B251E881D5200738C78 /* Resources */ = {
			isa = PBXResourcesBuildPhase;
			buildActionMask = 2147483647;
			files = (
			);
			runOnlyForDeploymentPostprocessing = 0;
		};
/* End PBXResourcesBuildPhase section */

/* Begin PBXSourcesBuildPhase section */
		CD3D8AFF1E881D5200738C78 /* Sources */ = {
			isa = PBXSourcesBuildPhase;
			buildActionMask = 2147483647;
			files = (
				CD3D8B6B1E881DAA00738C78 /* NSMutableArray+LYAdd.m in Sources */,
				CD3D8B6D1E881DAA00738C78 /* NSMutableString+LYAdd.m in Sources */,
				CD3D8B751E881DAA00738C78 /* UITextField+LYAdd.m in Sources */,
				CD3D8B661E881DAA00738C78 /* NSBundle+LYAdd.m in Sources */,
				CD3D8B711E881DAA00738C78 /* GTMBase64.m in Sources */,
				CD3D8B6A1E881DAA00738C78 /* NSFileManager+LYAdd.m in Sources */,
				CD3D8B0E1E881D5200738C78 /* ViewController.m in Sources */,
				CD3D8B731E881DAA00738C78 /* UIColor+LYAdd.m in Sources */,
				CD3D8B0B1E881D5200738C78 /* AppDelegate.m in Sources */,
				CD3D8B681E881DAA00738C78 /* NSDate+LYAdd.m in Sources */,
				CDC2756B1E88F2F300CBEAFB /* LYNSObjectDemoViewController.m in Sources */,
				CD3D8B081E881D5200738C78 /* main.m in Sources */,
				CD3D8B651E881DAA00738C78 /* NSArray+LYAdd.m in Sources */,
				CD3D8B6C1E881DAA00738C78 /* NSMutableDictionary+LYAdd.m in Sources */,
				CD3D8B671E881DAA00738C78 /* NSData+LYAdd.m in Sources */,
				CD3D8B721E881DAA00738C78 /* CALayer+LYAdd.m in Sources */,
				CD3D8B6E1E881DAA00738C78 /* NSMutableURLRequest+LYAdd.m in Sources */,
				CD3D8B6F1E881DAA00738C78 /* NSObject+LYAdd.m in Sources */,
				CD3D8B761E881DAA00738C78 /* UIView+LYAdd.m in Sources */,
				CD3D8B741E881DAA00738C78 /* UIImage+LYAdd.m in Sources */,
				CD3D8B691E881DAA00738C78 /* NSDictionary+LYAdd.m in Sources */,
				CD3D8B701E881DAA00738C78 /* NSString+LYAdd.m in Sources */,
			);
			runOnlyForDeploymentPostprocessing = 0;
		};
		CD3D8B181E881D5200738C78 /* Sources */ = {
			isa = PBXSourcesBuildPhase;
			buildActionMask = 2147483647;
			files = (
				CD3D8B211E881D5200738C78 /* LYCategoriesDemoTests.m in Sources */,
			);
			runOnlyForDeploymentPostprocessing = 0;
		};
		CD3D8B231E881D5200738C78 /* Sources */ = {
			isa = PBXSourcesBuildPhase;
			buildActionMask = 2147483647;
			files = (
				CD3D8B2C1E881D5200738C78 /* LYCategoriesDemoUITests.m in Sources */,
			);
			runOnlyForDeploymentPostprocessing = 0;
		};
/* End PBXSourcesBuildPhase section */

/* Begin PBXTargetDependency section */
		CD3D8B1E1E881D5200738C78 /* PBXTargetDependency */ = {
			isa = PBXTargetDependency;
			target = CD3D8B021E881D5200738C78 /* LYCategoriesDemo */;
			targetProxy = CD3D8B1D1E881D5200738C78 /* PBXContainerItemProxy */;
		};
		CD3D8B291E881D5200738C78 /* PBXTargetDependency */ = {
			isa = PBXTargetDependency;
			target = CD3D8B021E881D5200738C78 /* LYCategoriesDemo */;
			targetProxy = CD3D8B281E881D5200738C78 /* PBXContainerItemProxy */;
		};
/* End PBXTargetDependency section */

/* Begin PBXVariantGroup section */
		CD3D8B0F1E881D5200738C78 /* Main.storyboard */ = {
			isa = PBXVariantGroup;
			children = (
				CD3D8B101E881D5200738C78 /* Base */,
			);
			name = Main.storyboard;
			sourceTree = "<group>";
		};
		CD3D8B141E881D5200738C78 /* LaunchScreen.storyboard */ = {
			isa = PBXVariantGroup;
			children = (
				CD3D8B151E881D5200738C78 /* Base */,
			);
			name = LaunchScreen.storyboard;
			sourceTree = "<group>";
		};
/* End PBXVariantGroup section */

/* Begin XCBuildConfiguration section */
		CD3D8B2E1E881D5200738C78 /* Debug */ = {
			isa = XCBuildConfiguration;
			buildSettings = {
				ALWAYS_SEARCH_USER_PATHS = NO;
				CLANG_ANALYZER_NONNULL = YES;
				CLANG_CXX_LANGUAGE_STANDARD = "gnu++0x";
				CLANG_CXX_LIBRARY = "libc++";
				CLANG_ENABLE_MODULES = YES;
				CLANG_ENABLE_OBJC_ARC = YES;
				CLANG_WARN_BOOL_CONVERSION = YES;
				CLANG_WARN_CONSTANT_CONVERSION = YES;
				CLANG_WARN_DIRECT_OBJC_ISA_USAGE = YES_ERROR;
				CLANG_WARN_DOCUMENTATION_COMMENTS = YES;
				CLANG_WARN_EMPTY_BODY = YES;
				CLANG_WARN_ENUM_CONVERSION = YES;
				CLANG_WARN_INFINITE_RECURSION = YES;
				CLANG_WARN_INT_CONVERSION = YES;
				CLANG_WARN_OBJC_ROOT_CLASS = YES_ERROR;
				CLANG_WARN_SUSPICIOUS_MOVE = YES;
				CLANG_WARN_UNREACHABLE_CODE = YES;
				CLANG_WARN__DUPLICATE_METHOD_MATCH = YES;
				"CODE_SIGN_IDENTITY[sdk=iphoneos*]" = "iPhone Developer";
				COPY_PHASE_STRIP = NO;
				DEBUG_INFORMATION_FORMAT = dwarf;
				ENABLE_STRICT_OBJC_MSGSEND = YES;
				ENABLE_TESTABILITY = YES;
				GCC_C_LANGUAGE_STANDARD = gnu99;
				GCC_DYNAMIC_NO_PIC = NO;
				GCC_NO_COMMON_BLOCKS = YES;
				GCC_OPTIMIZATION_LEVEL = 0;
				GCC_PREPROCESSOR_DEFINITIONS = (
					"DEBUG=1",
					"$(inherited)",
				);
				GCC_WARN_64_TO_32_BIT_CONVERSION = YES;
				GCC_WARN_ABOUT_RETURN_TYPE = YES_ERROR;
				GCC_WARN_UNDECLARED_SELECTOR = YES;
				GCC_WARN_UNINITIALIZED_AUTOS = YES_AGGRESSIVE;
				GCC_WARN_UNUSED_FUNCTION = YES;
				GCC_WARN_UNUSED_VARIABLE = YES;
				IPHONEOS_DEPLOYMENT_TARGET = 8.0;
				MTL_ENABLE_DEBUG_INFO = YES;
				ONLY_ACTIVE_ARCH = YES;
				SDKROOT = iphoneos;
			};
			name = Debug;
		};
		CD3D8B2F1E881D5200738C78 /* Release */ = {
			isa = XCBuildConfiguration;
			buildSettings = {
				ALWAYS_SEARCH_USER_PATHS = NO;
				CLANG_ANALYZER_NONNULL = YES;
				CLANG_CXX_LANGUAGE_STANDARD = "gnu++0x";
				CLANG_CXX_LIBRARY = "libc++";
				CLANG_ENABLE_MODULES = YES;
				CLANG_ENABLE_OBJC_ARC = YES;
				CLANG_WARN_BOOL_CONVERSION = YES;
				CLANG_WARN_CONSTANT_CONVERSION = YES;
				CLANG_WARN_DIRECT_OBJC_ISA_USAGE = YES_ERROR;
				CLANG_WARN_DOCUMENTATION_COMMENTS = YES;
				CLANG_WARN_EMPTY_BODY = YES;
				CLANG_WARN_ENUM_CONVERSION = YES;
				CLANG_WARN_INFINITE_RECURSION = YES;
				CLANG_WARN_INT_CONVERSION = YES;
				CLANG_WARN_OBJC_ROOT_CLASS = YES_ERROR;
				CLANG_WARN_SUSPICIOUS_MOVE = YES;
				CLANG_WARN_UNREACHABLE_CODE = YES;
				CLANG_WARN__DUPLICATE_METHOD_MATCH = YES;
				"CODE_SIGN_IDENTITY[sdk=iphoneos*]" = "iPhone Developer";
				COPY_PHASE_STRIP = NO;
				DEBUG_INFORMATION_FORMAT = "dwarf-with-dsym";
				ENABLE_NS_ASSERTIONS = NO;
				ENABLE_STRICT_OBJC_MSGSEND = YES;
				GCC_C_LANGUAGE_STANDARD = gnu99;
				GCC_NO_COMMON_BLOCKS = YES;
				GCC_WARN_64_TO_32_BIT_CONVERSION = YES;
				GCC_WARN_ABOUT_RETURN_TYPE = YES_ERROR;
				GCC_WARN_UNDECLARED_SELECTOR = YES;
				GCC_WARN_UNINITIALIZED_AUTOS = YES_AGGRESSIVE;
				GCC_WARN_UNUSED_FUNCTION = YES;
				GCC_WARN_UNUSED_VARIABLE = YES;
				IPHONEOS_DEPLOYMENT_TARGET = 8.0;
				MTL_ENABLE_DEBUG_INFO = NO;
				SDKROOT = iphoneos;
				VALIDATE_PRODUCT = YES;
			};
			name = Release;
		};
		CD3D8B311E881D5200738C78 /* Debug */ = {
			isa = XCBuildConfiguration;
			buildSettings = {
				ASSETCATALOG_COMPILER_APPICON_NAME = AppIcon;
				INFOPLIST_FILE = LYCategoriesDemo/Info.plist;
				LD_RUNPATH_SEARCH_PATHS = "$(inherited) @executable_path/Frameworks";
				PRODUCT_BUNDLE_IDENTIFIER = net.developerly.LYCategoriesDemo;
				PRODUCT_NAME = "$(TARGET_NAME)";
			};
			name = Debug;
		};
		CD3D8B321E881D5200738C78 /* Release */ = {
			isa = XCBuildConfiguration;
			buildSettings = {
				ASSETCATALOG_COMPILER_APPICON_NAME = AppIcon;
				INFOPLIST_FILE = LYCategoriesDemo/Info.plist;
				LD_RUNPATH_SEARCH_PATHS = "$(inherited) @executable_path/Frameworks";
				PRODUCT_BUNDLE_IDENTIFIER = net.developerly.LYCategoriesDemo;
				PRODUCT_NAME = "$(TARGET_NAME)";
			};
			name = Release;
		};
		CD3D8B341E881D5200738C78 /* Debug */ = {
			isa = XCBuildConfiguration;
			buildSettings = {
				BUNDLE_LOADER = "$(TEST_HOST)";
				INFOPLIST_FILE = LYCategoriesDemoTests/Info.plist;
				LD_RUNPATH_SEARCH_PATHS = "$(inherited) @executable_path/Frameworks @loader_path/Frameworks";
				PRODUCT_BUNDLE_IDENTIFIER = net.developerly.LYCategoriesDemoTests;
				PRODUCT_NAME = "$(TARGET_NAME)";
				TEST_HOST = "$(BUILT_PRODUCTS_DIR)/LYCategoriesDemo.app/LYCategoriesDemo";
			};
			name = Debug;
		};
		CD3D8B351E881D5200738C78 /* Release */ = {
			isa = XCBuildConfiguration;
			buildSettings = {
				BUNDLE_LOADER = "$(TEST_HOST)";
				INFOPLIST_FILE = LYCategoriesDemoTests/Info.plist;
				LD_RUNPATH_SEARCH_PATHS = "$(inherited) @executable_path/Frameworks @loader_path/Frameworks";
				PRODUCT_BUNDLE_IDENTIFIER = net.developerly.LYCategoriesDemoTests;
				PRODUCT_NAME = "$(TARGET_NAME)";
				TEST_HOST = "$(BUILT_PRODUCTS_DIR)/LYCategoriesDemo.app/LYCategoriesDemo";
			};
			name = Release;
		};
		CD3D8B371E881D5200738C78 /* Debug */ = {
			isa = XCBuildConfiguration;
			buildSettings = {
				INFOPLIST_FILE = LYCategoriesDemoUITests/Info.plist;
				LD_RUNPATH_SEARCH_PATHS = "$(inherited) @executable_path/Frameworks @loader_path/Frameworks";
				PRODUCT_BUNDLE_IDENTIFIER = net.developerly.LYCategoriesDemoUITests;
				PRODUCT_NAME = "$(TARGET_NAME)";
				TEST_TARGET_NAME = LYCategoriesDemo;
			};
			name = Debug;
		};
		CD3D8B381E881D5200738C78 /* Release */ = {
			isa = XCBuildConfiguration;
			buildSettings = {
				INFOPLIST_FILE = LYCategoriesDemoUITests/Info.plist;
				LD_RUNPATH_SEARCH_PATHS = "$(inherited) @executable_path/Frameworks @loader_path/Frameworks";
				PRODUCT_BUNDLE_IDENTIFIER = net.developerly.LYCategoriesDemoUITests;
				PRODUCT_NAME = "$(TARGET_NAME)";
				TEST_TARGET_NAME = LYCategoriesDemo;
			};
			name = Release;
		};
/* End XCBuildConfiguration section */

/* Begin XCConfigurationList section */
		CD3D8AFE1E881D5200738C78 /* Build configuration list for PBXProject "LYCategoriesDemo" */ = {
			isa = XCConfigurationList;
			buildConfigurations = (
				CD3D8B2E1E881D5200738C78 /* Debug */,
				CD3D8B2F1E881D5200738C78 /* Release */,
			);
			defaultConfigurationIsVisible = 0;
			defaultConfigurationName = Release;
		};
		CD3D8B301E881D5200738C78 /* Build configuration list for PBXNativeTarget "LYCategoriesDemo" */ = {
			isa = XCConfigurationList;
			buildConfigurations = (
				CD3D8B311E881D5200738C78 /* Debug */,
				CD3D8B321E881D5200738C78 /* Release */,
			);
			defaultConfigurationIsVisible = 0;
			defaultConfigurationName = Release;
		};
		CD3D8B331E881D5200738C78 /* Build configuration list for PBXNativeTarget "LYCategoriesDemoTests" */ = {
			isa = XCConfigurationList;
			buildConfigurations = (
				CD3D8B341E881D5200738C78 /* Debug */,
				CD3D8B351E881D5200738C78 /* Release */,
			);
			defaultConfigurationIsVisible = 0;
			defaultConfigurationName = Release;
		};
		CD3D8B361E881D5200738C78 /* Build configuration list for PBXNativeTarget "LYCategoriesDemoUITests" */ = {
			isa = XCConfigurationList;
			buildConfigurations = (
				CD3D8B371E881D5200738C78 /* Debug */,
				CD3D8B381E881D5200738C78 /* Release */,
			);
			defaultConfigurationIsVisible = 0;
			defaultConfigurationName = Release;
		};
/* End XCConfigurationList section */
	};
	rootObject = CD3D8AFB1E881D5200738C78 /* Project object */;
}
